version: 1
dependents:
  "CLAUDE.md":
    covers:
      - "src"
      - "package.json"
      - "tsup.config.ts"
      - "vitest.config.ts"
      - "tsconfig.json"
      - "knip.json"
      - ".oxfmtrc.json"
    hash: 3edb89d9309dd97157f63879fb854fd425199a0f514ea8cbd4af735acc394e94
  "README.md":
    covers:
      - "src/cli"
      - "package.json"
      - "docs/SPEC.md"
    hash: f63d96173d55f8fb596ab4e19d68b7546ca2d9d2e11393f963808e5924330809
  "docs/SPEC.md":
    covers:
      - "src"
    hash: 2d88ab65293aa16bb5874152ee250802485e3932a72a71817e3c2c33f670ab5e
