version: 1
dependents:
  "CLAUDE.md":
    covers:
      - "src"
      - "package.json"
      - "tsup.config.ts"
      - "vitest.config.ts"
      - "tsconfig.json"
      - "knip.json"
      - ".oxfmtrc.json"
    hash: 07b8c3db1635301b39ad29b8f8009fd4b620e2cb3206c2cd635ba50e96a8721c
  "README.md":
    covers:
      - "src/cli"
      - "package.json"
      - "docs/SPEC.md"
    hash: eb8fe932bb4d1b90fd79e7c07dc351eb64097043ea23132955fd43a5f95b648d
  "docs/SPEC.md":
    covers:
      - "src"
    hash: 9927d49c3b6c482e21d0b871ff83207781840ece5afa3989229dbf5ea46d296d
