version: 3
files:
  "CLAUDE.md": c86cae4dd5b5f9aaefc8b7eb2af9f4ab84492049084ce79c620eabb9b6245abe
  "README.md": 5917b2366dfa63c8f43ca6729bba3a024515892f061c30da3ea63c9af254abaa
  "packages/docstamp-plugin-js/README.md": 7dec9f90e32c88fa3c2de053aea2224693001488db468dbc6dd3695c95b9bed5
  "packages/docstamp-plugin-js/SPEC.md": 7dec9f90e32c88fa3c2de053aea2224693001488db468dbc6dd3695c95b9bed5
  "packages/docstamp-plugin-markdown/README.md": b45ea229d231e089191b10cf43e9d97eead16a3e519dd2859a31df01cd082344
  "packages/docstamp-plugin-markdown/SPEC.md": b45ea229d231e089191b10cf43e9d97eead16a3e519dd2859a31df01cd082344
  "packages/docstamp/README.md": 300771794b47810e1c1c1550c82274912c1707576c677e45580a652ddc725fc8
  "packages/docstamp/docs/SPEC.md": b00d97fcdcd3e6b00df1af1aed772d9642b495f311a60a0fd0865f323fefab35
